
Microsoft Visual Studio Solution File, Format Version 11.00
# Visual Studio 2010
Project("{8BC9CEB8-8B4A-11D0-8D11-00A0C91BC942}") = "ButtonTest", "ButtonTest\ButtonTest.vcxproj", "{E8860119-7A0E-4EFB-B4FF-A39729ED7754}"
EndProject
Project("{8BC9CEB8-8B4A-11D0-8D11-00A0C91BC942}") = "Test2", "Test2\Test2.vcxproj", "{5C6EFB28-27D4-4358-9C7E-197321CA79A4}"
EndProject
Global
	GlobalSection(SolutionConfigurationPlatforms) = preSolution
		Debug|Win32 = Debug|Win32
		Release|Win32 = Release|Win32
	EndGlobalSection
	GlobalSection(ProjectConfigurationPlatforms) = postSolution
		{E8860119-7A0E-4EFB-B4FF-A39729ED7754}.Debug|Win32.ActiveCfg = Debug|Win32
		{E8860119-7A0E-4EFB-B4FF-A39729ED7754}.Debug|Win32.Build.0 = Debug|Win32
		{E8860119-7A0E-4EFB-B4FF-A39729ED7754}.Release|Win32.ActiveCfg = Release|Win32
		{E8860119-7A0E-4EFB-B4FF-A39729ED7754}.Release|Win32.Build.0 = Release|Win32
		{5C6EFB28-27D4-4358-9C7E-197321CA79A4}.Debug|Win32.ActiveCfg = Debug|Win32
		{5C6EFB28-27D4-4358-9C7E-197321CA79A4}.Debug|Win32.Build.0 = Debug|Win32
		{5C6EFB28-27D4-4358-9C7E-197321CA79A4}.Release|Win32.ActiveCfg = Release|Win32
		{5C6EFB28-27D4-4358-9C7E-197321CA79A4}.Release|Win32.Build.0 = Release|Win32
	EndGlobalSection
	GlobalSection(SolutionProperties) = preSolution
		HideSolutionNode = FALSE
	EndGlobalSection
EndGlobal
